
Microsoft Visual Studio Solution File, Format Version 12.00
# Visual Studio 15
VisualStudioVersion = 15.0.27703.2042
MinimumVisualStudioVersion = 10.0.40219.1
Project("{9092AA53-FB77-4645-B42D-1CCCA6BD08BD}") = "swgoh-line", "swgoh-line\swgoh-line.njsproj", "{9F865891-8653-4C41-B513-34B383A7C04E}"
EndProject
Global
	GlobalSection(SolutionConfigurationPlatforms) = preSolution
		Debug|Any CPU = Debug|Any CPU
		Release|Any CPU = Release|Any CPU
	EndGlobalSection
	GlobalSection(ProjectConfigurationPlatforms) = postSolution
		{9F865891-8653-4C41-B513-34B383A7C04E}.Debug|Any CPU.ActiveCfg = Debug|Any CPU
		{9F865891-8653-4C41-B513-34B383A7C04E}.Debug|Any CPU.Build.0 = Debug|Any CPU
		{9F865891-8653-4C41-B513-34B383A7C04E}.Release|Any CPU.ActiveCfg = Release|Any CPU
		{9F865891-8653-4C41-B513-34B383A7C04E}.Release|Any CPU.Build.0 = Release|Any CPU
	EndGlobalSection
	GlobalSection(SolutionProperties) = preSolution
		HideSolutionNode = FALSE
	EndGlobalSection
	GlobalSection(ExtensibilityGlobals) = postSolution
		SolutionGuid = {03C192AE-1287-42FB-A774-8211AF638032}
	EndGlobalSection
EndGlobal
